{
  "name": "kiosk-screen",
  "version": "3.0.0",
  "lockfileVersion": 2,
  "requires": true,
  "packages": {
    "": {
      "name": "kiosk-screen",
      "version": "3.0.0",
      "license": "MIT",
      "dependencies": {
        "bootstrap": "4.0.0",
        "font-awesome": "4.5.0",
        "jquery": "2.1.3",
        "jquery-ui": "1.12.0",
        "jqueryui": "^1.11.1"
      }
    },
    "node_modules/bootstrap": {
      "version": "4.0.0",
      "resolved": "https://registry.npmjs.org/bootstrap/-/bootstrap-4.0.0.tgz",
      "integrity": "sha512-gulJE5dGFo6Q61V/whS6VM4WIyrlydXfCgkE+Gxe5hjrJ8rXLLZlALq7zq2RPhOc45PSwQpJkrTnc2KgD6cvmA==",
      "engines": {
        "node": ">=6"
      },
      "peerDependencies": {
        "jquery": "1.9.1 - 3",
        "popper.js": "^1.12.9"
      }
    },
    "node_modules/font-awesome": {
      "version": "4.5.0",
      "resolved": "https://registry.npmjs.org/font-awesome/-/font-awesome-4.5.0.tgz",
      "integrity": "sha512-XGGY8CN/NT8e5fKOC/K7CESNQ3+2oYOfZqwZcKgEMtcmTiHtFIH+XZWRoU0HtcdwhtSkpWXLfTIUlTdJ4PhX8A==",
      "engines": {
        "node": ">=0.10.3"
      }
    },
    "node_modules/jquery": {
      "version": "2.1.3",
      "resolved": "https://registry.npmjs.org/jquery/-/jquery-2.1.3.tgz",
      "integrity": "sha512-1thSX0P6ZEPXU9fYrJD+lHbG4K3dYj8cNG+vZA/sFvSOgvkd55MOj5c79slivyLwPCeTYoHlRP4uMzPgUgpITQ=="
    },
    "node_modules/jquery-ui": {
      "version": "1.12.0",
      "resolved": "https://registry.npmjs.org/jquery-ui/-/jquery-ui-1.12.0.tgz",
      "integrity": "sha512-9sIbqX9tX983WaJhc+8ZfCW/de+o684bKx9N75WvoFxMfGTmuZuUtFAPNxbcYVTO/MGXY+iRA+zvtR5EF1bgDA=="
    },
    "node_modules/jqueryui": {
      "version": "1.11.1",
      "resolved": "https://registry.npmjs.org/jqueryui/-/jqueryui-1.11.1.tgz",
      "integrity": "sha512-w3k80seYwcirTMG7fhd1MfqYx2dMO9fEi+I0vUN5hbX5+y7YIWySJkFsCBj4UBNuFcYOfUk6I63sUG/hCawdZA=="
    },
    "node_modules/popper.js": {
      "version": "1.16.1",
      "resolved": "https://registry.npmjs.org/popper.js/-/popper.js-1.16.1.tgz",
      "integrity": "sha512-Wb4p1J4zyFTbM+u6WuO4XstYx4Ky9Cewe4DWrel7B0w6VVICvPwdOpotjzcf6eD8TsckVnIMNONQyPIUFOUbCQ==",
      "deprecated": "You can find the new Popper v2 at @popperjs/core, this package is dedicated to the legacy v1",
      "peer": true,
      "funding": {
        "type": "opencollective",
        "url": "https://opencollective.com/popperjs"
      }
    }
  },
  "dependencies": {
    "bootstrap": {
      "version": "4.0.0",
      "resolved": "https://registry.npmjs.org/bootstrap/-/bootstrap-4.0.0.tgz",
      "integrity": "sha512-gulJE5dGFo6Q61V/whS6VM4WIyrlydXfCgkE+Gxe5hjrJ8rXLLZlALq7zq2RPhOc45PSwQpJkrTnc2KgD6cvmA==",
      "requires": {}
    },
    "font-awesome": {
      "version": "4.5.0",
      "resolved": "https://registry.npmjs.org/font-awesome/-/font-awesome-4.5.0.tgz",
      "integrity": "sha512-XGGY8CN/NT8e5fKOC/K7CESNQ3+2oYOfZqwZcKgEMtcmTiHtFIH+XZWRoU0HtcdwhtSkpWXLfTIUlTdJ4PhX8A=="
    },
    "jquery": {
      "version": "2.1.3",
      "resolved": "https://registry.npmjs.org/jquery/-/jquery-2.1.3.tgz",
      "integrity": "sha512-1thSX0P6ZEPXU9fYrJD+lHbG4K3dYj8cNG+vZA/sFvSOgvkd55MOj5c79slivyLwPCeTYoHlRP4uMzPgUgpITQ=="
    },
    "jquery-ui": {
      "version": "1.12.0",
      "resolved": "https://registry.npmjs.org/jquery-ui/-/jquery-ui-1.12.0.tgz",
      "integrity": "sha512-9sIbqX9tX983WaJhc+8ZfCW/de+o684bKx9N75WvoFxMfGTmuZuUtFAPNxbcYVTO/MGXY+iRA+zvtR5EF1bgDA=="
    },
    "jqueryui": {
      "version": "1.11.1",
      "resolved": "https://registry.npmjs.org/jqueryui/-/jqueryui-1.11.1.tgz",
      "integrity": "sha512-w3k80seYwcirTMG7fhd1MfqYx2dMO9fEi+I0vUN5hbX5+y7YIWySJkFsCBj4UBNuFcYOfUk6I63sUG/hCawdZA=="
    },
    "popper.js": {
      "version": "1.16.1",
      "resolved": "https://registry.npmjs.org/popper.js/-/popper.js-1.16.1.tgz",
      "integrity": "sha512-Wb4p1J4zyFTbM+u6WuO4XstYx4Ky9Cewe4DWrel7B0w6VVICvPwdOpotjzcf6eD8TsckVnIMNONQyPIUFOUbCQ==",
      "peer": true
    }
  }
}
